
Microsoft Visual Studio Solution File, Format Version 12.00
# Visual Studio Version 17
VisualStudioVersion = 17.8.34525.116
MinimumVisualStudioVersion = 10.0.40219.1
Project("{FAE04EC0-301F-11D3-BF4B-00C04F79EFBC}") = "DataExporter", "DataExporter\DataExporter.csproj", "{5A93BDC9-5CB5-4BAD-9F63-CB0651A001EA}"
EndProject
Global
	GlobalSection(SolutionConfigurationPlatforms) = preSolution
		Debug|Any CPU = Debug|Any CPU
		Release|Any CPU = Release|Any CPU
	EndGlobalSection
	GlobalSection(ProjectConfigurationPlatforms) = postSolution
		{5A93BDC9-5CB5-4BAD-9F63-CB0651A001EA}.Debug|Any CPU.ActiveCfg = Debug|Any CPU
		{5A93BDC9-5CB5-4BAD-9F63-CB0651A001EA}.Debug|Any CPU.Build.0 = Debug|Any CPU
		{5A93BDC9-5CB5-4BAD-9F63-CB0651A001EA}.Release|Any CPU.ActiveCfg = Release|Any CPU
		{5A93BDC9-5CB5-4BAD-9F63-CB0651A001EA}.Release|Any CPU.Build.0 = Release|Any CPU
	EndGlobalSection
	GlobalSection(SolutionProperties) = preSolution
		HideSolutionNode = FALSE
	EndGlobalSection
	GlobalSection(ExtensibilityGlobals) = postSolution
		SolutionGuid = {AE2EA949-71DD-4882-8B29-E7501FECB651}
	EndGlobalSection
EndGlobal
